
Microsoft Visual Studio Solution File, Format Version 12.00
# Visual Studio Version 17
VisualStudioVersion = 17.13.35931.197 d17.13
MinimumVisualStudioVersion = 10.0.40219.1
Project("{FAE04EC0-301F-11D3-BF4B-00C04F79EFBC}") = "AppListaTelefonica", "AppListaTelefonica.csproj", "{3105416E-643A-473D-B2BC-725A64C3BF5F}"
EndProject
Global
	GlobalSection(SolutionConfigurationPlatforms) = preSolution
		Debug|Any CPU = Debug|Any CPU
		Release|Any CPU = Release|Any CPU
	EndGlobalSection
	GlobalSection(ProjectConfigurationPlatforms) = postSolution
		{3105416E-643A-473D-B2BC-725A64C3BF5F}.Debug|Any CPU.ActiveCfg = Debug|Any CPU
		{3105416E-643A-473D-B2BC-725A64C3BF5F}.Debug|Any CPU.Build.0 = Debug|Any CPU
		{3105416E-643A-473D-B2BC-725A64C3BF5F}.Release|Any CPU.ActiveCfg = Release|Any CPU
		{3105416E-643A-473D-B2BC-725A64C3BF5F}.Release|Any CPU.Build.0 = Release|Any CPU
	EndGlobalSection
	GlobalSection(SolutionProperties) = preSolution
		HideSolutionNode = FALSE
	EndGlobalSection
	GlobalSection(ExtensibilityGlobals) = postSolution
		SolutionGuid = {FD5E6F7B-C5D1-4FFB-B33B-4E7D663FB532}
	EndGlobalSection
EndGlobal
